
Microsoft Visual Studio Solution File, Format Version 12.00
# Visual Studio 15
VisualStudioVersion = 15.0.26730.16
MinimumVisualStudioVersion = 10.0.40219.1
Project("{FAE04EC0-301F-11D3-BF4B-00C04F79EFBC}") = "nirisarri.com", "nirisarri.com\nirisarri.com.csproj", "{00E14011-48A8-4E2E-9802-4E53AFA1798A}"
EndProject
Project("{FAE04EC0-301F-11D3-BF4B-00C04F79EFBC}") = "nirisarri.com.Tests", "nirisarri.com.Tests\nirisarri.com.Tests.csproj", "{668DDAF0-A2AB-4129-80C3-F63278E30E01}"
EndProject
Global
	GlobalSection(SolutionConfigurationPlatforms) = preSolution
		Debug|Any CPU = Debug|Any CPU
		Release|Any CPU = Release|Any CPU
	EndGlobalSection
	GlobalSection(ProjectConfigurationPlatforms) = postSolution
		{00E14011-48A8-4E2E-9802-4E53AFA1798A}.Debug|Any CPU.ActiveCfg = Debug|Any CPU
		{00E14011-48A8-4E2E-9802-4E53AFA1798A}.Debug|Any CPU.Build.0 = Debug|Any CPU
		{00E14011-48A8-4E2E-9802-4E53AFA1798A}.Release|Any CPU.ActiveCfg = Release|Any CPU
		{00E14011-48A8-4E2E-9802-4E53AFA1798A}.Release|Any CPU.Build.0 = Release|Any CPU
		{668DDAF0-A2AB-4129-80C3-F63278E30E01}.Debug|Any CPU.ActiveCfg = Debug|Any CPU
		{668DDAF0-A2AB-4129-80C3-F63278E30E01}.Debug|Any CPU.Build.0 = Debug|Any CPU
		{668DDAF0-A2AB-4129-80C3-F63278E30E01}.Release|Any CPU.ActiveCfg = Release|Any CPU
		{668DDAF0-A2AB-4129-80C3-F63278E30E01}.Release|Any CPU.Build.0 = Release|Any CPU
	EndGlobalSection
	GlobalSection(SolutionProperties) = preSolution
		HideSolutionNode = FALSE
	EndGlobalSection
	GlobalSection(ExtensibilityGlobals) = postSolution
		SolutionGuid = {A2CA9AAD-11E5-4968-8F89-A5CE935D313B}
	EndGlobalSection
EndGlobal
